
Microsoft Visual Studio Solution File, Format Version 12.00
# Visual Studio Version 16
VisualStudioVersion = 16.0.28729.10
MinimumVisualStudioVersion = 10.0.40219.1
Project("{9A19103F-16F7-4668-BE54-9A1E7A4F7556}") = "DSR.Cats.Server.WebApi", "DSR.Cats.Server\DSR.Cats.Server.WebApi.csproj", "{1FDA97D8-521A-424A-A192-BC71DB39D35A}"
EndProject
Project("{9A19103F-16F7-4668-BE54-9A1E7A4F7556}") = "DSR.Cats.Server.Entities", "DSR.Cats.Server.Entities\DSR.Cats.Server.Entities.csproj", "{11B5A6DF-4718-4DB9-B9A7-F0BADE49C5D0}"
EndProject
Project("{9A19103F-16F7-4668-BE54-9A1E7A4F7556}") = "DSR.Cats.Server.Services", "DSR.Cats.Server.Services\DSR.Cats.Server.Services.csproj", "{93B1A6F6-61AF-4A1F-8D79-69344E82671B}"
EndProject
Project("{9A19103F-16F7-4668-BE54-9A1E7A4F7556}") = "DSR.Cats.Server.ApiDto", "DSR.Cats.Server.ApiDto\DSR.Cats.Server.ApiDto.csproj", "{F1C4DE93-14A6-4B4D-A62E-9A0DF2261121}"
EndProject
Project("{FAE04EC0-301F-11D3-BF4B-00C04F79EFBC}") = "DSR.Cats.Server.Domain", "DSR.Cats.Server.Domain\DSR.Cats.Server.Domain.csproj", "{D5CB3BEC-EAA4-4CB1-B951-72E38AA2B1DE}"
EndProject
Global
	GlobalSection(SolutionConfigurationPlatforms) = preSolution
		Debug|Any CPU = Debug|Any CPU
		Release|Any CPU = Release|Any CPU
	EndGlobalSection
	GlobalSection(ProjectConfigurationPlatforms) = postSolution
		{1FDA97D8-521A-424A-A192-BC71DB39D35A}.Debug|Any CPU.ActiveCfg = Debug|Any CPU
		{1FDA97D8-521A-424A-A192-BC71DB39D35A}.Debug|Any CPU.Build.0 = Debug|Any CPU
		{1FDA97D8-521A-424A-A192-BC71DB39D35A}.Release|Any CPU.ActiveCfg = Release|Any CPU
		{1FDA97D8-521A-424A-A192-BC71DB39D35A}.Release|Any CPU.Build.0 = Release|Any CPU
		{11B5A6DF-4718-4DB9-B9A7-F0BADE49C5D0}.Debug|Any CPU.ActiveCfg = Debug|Any CPU
		{11B5A6DF-4718-4DB9-B9A7-F0BADE49C5D0}.Debug|Any CPU.Build.0 = Debug|Any CPU
		{11B5A6DF-4718-4DB9-B9A7-F0BADE49C5D0}.Release|Any CPU.ActiveCfg = Release|Any CPU
		{11B5A6DF-4718-4DB9-B9A7-F0BADE49C5D0}.Release|Any CPU.Build.0 = Release|Any CPU
		{93B1A6F6-61AF-4A1F-8D79-69344E82671B}.Debug|Any CPU.ActiveCfg = Debug|Any CPU
		{93B1A6F6-61AF-4A1F-8D79-69344E82671B}.Debug|Any CPU.Build.0 = Debug|Any CPU
		{93B1A6F6-61AF-4A1F-8D79-69344E82671B}.Release|Any CPU.ActiveCfg = Release|Any CPU
		{93B1A6F6-61AF-4A1F-8D79-69344E82671B}.Release|Any CPU.Build.0 = Release|Any CPU
		{F1C4DE93-14A6-4B4D-A62E-9A0DF2261121}.Debug|Any CPU.ActiveCfg = Debug|Any CPU
		{F1C4DE93-14A6-4B4D-A62E-9A0DF2261121}.Debug|Any CPU.Build.0 = Debug|Any CPU
		{F1C4DE93-14A6-4B4D-A62E-9A0DF2261121}.Release|Any CPU.ActiveCfg = Release|Any CPU
		{F1C4DE93-14A6-4B4D-A62E-9A0DF2261121}.Release|Any CPU.Build.0 = Release|Any CPU
		{D5CB3BEC-EAA4-4CB1-B951-72E38AA2B1DE}.Debug|Any CPU.ActiveCfg = Debug|Any CPU
		{D5CB3BEC-EAA4-4CB1-B951-72E38AA2B1DE}.Debug|Any CPU.Build.0 = Debug|Any CPU
		{D5CB3BEC-EAA4-4CB1-B951-72E38AA2B1DE}.Release|Any CPU.ActiveCfg = Release|Any CPU
		{D5CB3BEC-EAA4-4CB1-B951-72E38AA2B1DE}.Release|Any CPU.Build.0 = Release|Any CPU
	EndGlobalSection
	GlobalSection(SolutionProperties) = preSolution
		HideSolutionNode = FALSE
	EndGlobalSection
	GlobalSection(ExtensibilityGlobals) = postSolution
		SolutionGuid = {C357C681-701E-453C-928B-2E902BBA32FA}
	EndGlobalSection
EndGlobal
